
Microsoft Visual Studio Solution File, Format Version 12.00
# Visual Studio 2012
Project("{FAE04EC0-301F-11D3-BF4B-00C04F79EFBC}") = "WEB", "WEB\WEB.csproj", "{B8DF7BEA-E3DB-4B85-94E4-9B5AEE4C0ECD}"
EndProject
Global
	GlobalSection(SolutionConfigurationPlatforms) = preSolution
		Debug|Any CPU = Debug|Any CPU
		Release|Any CPU = Release|Any CPU
	EndGlobalSection
	GlobalSection(ProjectConfigurationPlatforms) = postSolution
		{B8DF7BEA-E3DB-4B85-94E4-9B5AEE4C0ECD}.Debug|Any CPU.ActiveCfg = Debug|Any CPU
		{B8DF7BEA-E3DB-4B85-94E4-9B5AEE4C0ECD}.Debug|Any CPU.Build.0 = Debug|Any CPU
		{B8DF7BEA-E3DB-4B85-94E4-9B5AEE4C0ECD}.Release|Any CPU.ActiveCfg = Release|Any CPU
		{B8DF7BEA-E3DB-4B85-94E4-9B5AEE4C0ECD}.Release|Any CPU.Build.0 = Release|Any CPU
	EndGlobalSection
	GlobalSection(SolutionProperties) = preSolution
		HideSolutionNode = FALSE
	EndGlobalSection
EndGlobal
